
Microsoft Visual Studio Solution File, Format Version 12.00
# Visual Studio Version 16
VisualStudioVersion = 16.0.31624.102
MinimumVisualStudioVersion = 10.0.40219.1
Project("{FAE04EC0-301F-11D3-BF4B-00C04F79EFBC}") = "eway", "eway\eway.csproj", "{55E10FB7-B660-463E-9CA6-978CB8000DAC}"
EndProject
Global
	GlobalSection(SolutionConfigurationPlatforms) = preSolution
		Debug|Any CPU = Debug|Any CPU
		Release|Any CPU = Release|Any CPU
	EndGlobalSection
	GlobalSection(ProjectConfigurationPlatforms) = postSolution
		{55E10FB7-B660-463E-9CA6-978CB8000DAC}.Debug|Any CPU.ActiveCfg = Debug|Any CPU
		{55E10FB7-B660-463E-9CA6-978CB8000DAC}.Debug|Any CPU.Build.0 = Debug|Any CPU
		{55E10FB7-B660-463E-9CA6-978CB8000DAC}.Release|Any CPU.ActiveCfg = Release|Any CPU
		{55E10FB7-B660-463E-9CA6-978CB8000DAC}.Release|Any CPU.Build.0 = Release|Any CPU
	EndGlobalSection
	GlobalSection(SolutionProperties) = preSolution
		HideSolutionNode = FALSE
	EndGlobalSection
	GlobalSection(ExtensibilityGlobals) = postSolution
		SolutionGuid = {A0DD3E45-3D75-441C-B565-5D5B2BF02EC5}
	EndGlobalSection
EndGlobal
