
Microsoft Visual Studio Solution File, Format Version 12.00
# Visual Studio Version 16
VisualStudioVersion = 16.0.31624.102
MinimumVisualStudioVersion = 10.0.40219.1
Project("{FAE04EC0-301F-11D3-BF4B-00C04F79EFBC}") = "Parallelisation1", "Parallelisation1\Parallelisation1.csproj", "{00A5411A-0A3A-4688-8F33-3F8FE967E975}"
EndProject
Global
	GlobalSection(SolutionConfigurationPlatforms) = preSolution
		Debug|Any CPU = Debug|Any CPU
		Release|Any CPU = Release|Any CPU
	EndGlobalSection
	GlobalSection(ProjectConfigurationPlatforms) = postSolution
		{00A5411A-0A3A-4688-8F33-3F8FE967E975}.Debug|Any CPU.ActiveCfg = Debug|Any CPU
		{00A5411A-0A3A-4688-8F33-3F8FE967E975}.Debug|Any CPU.Build.0 = Debug|Any CPU
		{00A5411A-0A3A-4688-8F33-3F8FE967E975}.Release|Any CPU.ActiveCfg = Release|Any CPU
		{00A5411A-0A3A-4688-8F33-3F8FE967E975}.Release|Any CPU.Build.0 = Release|Any CPU
	EndGlobalSection
	GlobalSection(SolutionProperties) = preSolution
		HideSolutionNode = FALSE
	EndGlobalSection
	GlobalSection(ExtensibilityGlobals) = postSolution
		SolutionGuid = {04ACC89A-916F-4CB7-B412-8309D35D5D79}
	EndGlobalSection
EndGlobal
